
Microsoft Visual Studio Solution File, Format Version 12.00
# Visual Studio Version 17
VisualStudioVersion = 17.0.31903.59
MinimumVisualStudioVersion = 10.0.40219.1
Project("{2150E333-8FDC-42A3-9474-1A3956D46DE8}") = "src", "src", "{827E0CD3-B72D-47B6-A68D-7590B98EB39B}"
EndProject
Project("{FAE04EC0-301F-11D3-BF4B-00C04F79EFBC}") = "NeoHal.Desktop", "src\NeoHal.Desktop\NeoHal.Desktop.csproj", "{585DCEDE-D566-48D0-89E5-2C8B8AE5C800}"
EndProject
Project("{FAE04EC0-301F-11D3-BF4B-00C04F79EFBC}") = "NeoHal.Core", "src\NeoHal.Core\NeoHal.Core.csproj", "{F5E13C3E-8DA2-4181-8313-1733BC10471F}"
EndProject
Project("{FAE04EC0-301F-11D3-BF4B-00C04F79EFBC}") = "NeoHal.Data", "src\NeoHal.Data\NeoHal.Data.csproj", "{A80213EB-478B-4810-97DD-9FC0FF383549}"
EndProject
Project("{FAE04EC0-301F-11D3-BF4B-00C04F79EFBC}") = "NeoHal.Services", "src\NeoHal.Services\NeoHal.Services.csproj", "{59419C2B-57D9-407D-905B-D0C2641807E9}"
EndProject
Global
	GlobalSection(SolutionConfigurationPlatforms) = preSolution
		Debug|Any CPU = Debug|Any CPU
		Debug|x64 = Debug|x64
		Debug|x86 = Debug|x86
		Release|Any CPU = Release|Any CPU
		Release|x64 = Release|x64
		Release|x86 = Release|x86
	EndGlobalSection
	GlobalSection(ProjectConfigurationPlatforms) = postSolution
		{585DCEDE-D566-48D0-89E5-2C8B8AE5C800}.Debug|Any CPU.ActiveCfg = Debug|Any CPU
		{585DCEDE-D566-48D0-89E5-2C8B8AE5C800}.Debug|Any CPU.Build.0 = Debug|Any CPU
		{585DCEDE-D566-48D0-89E5-2C8B8AE5C800}.Debug|x64.ActiveCfg = Debug|Any CPU
		{585DCEDE-D566-48D0-89E5-2C8B8AE5C800}.Debug|x64.Build.0 = Debug|Any CPU
		{585DCEDE-D566-48D0-89E5-2C8B8AE5C800}.Debug|x86.ActiveCfg = Debug|Any CPU
		{585DCEDE-D566-48D0-89E5-2C8B8AE5C800}.Debug|x86.Build.0 = Debug|Any CPU
		{585DCEDE-D566-48D0-89E5-2C8B8AE5C800}.Release|Any CPU.ActiveCfg = Release|Any CPU
		{585DCEDE-D566-48D0-89E5-2C8B8AE5C800}.Release|Any CPU.Build.0 = Release|Any CPU
		{585DCEDE-D566-48D0-89E5-2C8B8AE5C800}.Release|x64.ActiveCfg = Release|Any CPU
		{585DCEDE-D566-48D0-89E5-2C8B8AE5C800}.Release|x64.Build.0 = Release|Any CPU
		{585DCEDE-D566-48D0-89E5-2C8B8AE5C800}.Release|x86.ActiveCfg = Release|Any CPU
		{585DCEDE-D566-48D0-89E5-2C8B8AE5C800}.Release|x86.Build.0 = Release|Any CPU
		{F5E13C3E-8DA2-4181-8313-1733BC10471F}.Debug|Any CPU.ActiveCfg = Debug|Any CPU
		{F5E13C3E-8DA2-4181-8313-1733BC10471F}.Debug|Any CPU.Build.0 = Debug|Any CPU
		{F5E13C3E-8DA2-4181-8313-1733BC10471F}.Debug|x64.ActiveCfg = Debug|Any CPU
		{F5E13C3E-8DA2-4181-8313-1733BC10471F}.Debug|x64.Build.0 = Debug|Any CPU
		{F5E13C3E-8DA2-4181-8313-1733BC10471F}.Debug|x86.ActiveCfg = Debug|Any CPU
		{F5E13C3E-8DA2-4181-8313-1733BC10471F}.Debug|x86.Build.0 = Debug|Any CPU
		{F5E13C3E-8DA2-4181-8313-1733BC10471F}.Release|Any CPU.ActiveCfg = Release|Any CPU
		{F5E13C3E-8DA2-4181-8313-1733BC10471F}.Release|Any CPU.Build.0 = Release|Any CPU
		{F5E13C3E-8DA2-4181-8313-1733BC10471F}.Release|x64.ActiveCfg = Release|Any CPU
		{F5E13C3E-8DA2-4181-8313-1733BC10471F}.Release|x64.Build.0 = Release|Any CPU
		{F5E13C3E-8DA2-4181-8313-1733BC10471F}.Release|x86.ActiveCfg = Release|Any CPU
		{F5E13C3E-8DA2-4181-8313-1733BC10471F}.Release|x86.Build.0 = Release|Any CPU
		{A80213EB-478B-4810-97DD-9FC0FF383549}.Debug|Any CPU.ActiveCfg = Debug|Any CPU
		{A80213EB-478B-4810-97DD-9FC0FF383549}.Debug|Any CPU.Build.0 = Debug|Any CPU
		{A80213EB-478B-4810-97DD-9FC0FF383549}.Debug|x64.ActiveCfg = Debug|Any CPU
		{A80213EB-478B-4810-97DD-9FC0FF383549}.Debug|x64.Build.0 = Debug|Any CPU
		{A80213EB-478B-4810-97DD-9FC0FF383549}.Debug|x86.ActiveCfg = Debug|Any CPU
		{A80213EB-478B-4810-97DD-9FC0FF383549}.Debug|x86.Build.0 = Debug|Any CPU
		{A80213EB-478B-4810-97DD-9FC0FF383549}.Release|Any CPU.ActiveCfg = Release|Any CPU
		{A80213EB-478B-4810-97DD-9FC0FF383549}.Release|Any CPU.Build.0 = Release|Any CPU
		{A80213EB-478B-4810-97DD-9FC0FF383549}.Release|x64.ActiveCfg = Release|Any CPU
		{A80213EB-478B-4810-97DD-9FC0FF383549}.Release|x64.Build.0 = Release|Any CPU
		{A80213EB-478B-4810-97DD-9FC0FF383549}.Release|x86.ActiveCfg = Release|Any CPU
		{A80213EB-478B-4810-97DD-9FC0FF383549}.Release|x86.Build.0 = Release|Any CPU
		{59419C2B-57D9-407D-905B-D0C2641807E9}.Debug|Any CPU.ActiveCfg = Debug|Any CPU
		{59419C2B-57D9-407D-905B-D0C2641807E9}.Debug|Any CPU.Build.0 = Debug|Any CPU
		{59419C2B-57D9-407D-905B-D0C2641807E9}.Debug|x64.ActiveCfg = Debug|Any CPU
		{59419C2B-57D9-407D-905B-D0C2641807E9}.Debug|x64.Build.0 = Debug|Any CPU
		{59419C2B-57D9-407D-905B-D0C2641807E9}.Debug|x86.ActiveCfg = Debug|Any CPU
		{59419C2B-57D9-407D-905B-D0C2641807E9}.Debug|x86.Build.0 = Debug|Any CPU
		{59419C2B-57D9-407D-905B-D0C2641807E9}.Release|Any CPU.ActiveCfg = Release|Any CPU
		{59419C2B-57D9-407D-905B-D0C2641807E9}.Release|Any CPU.Build.0 = Release|Any CPU
		{59419C2B-57D9-407D-905B-D0C2641807E9}.Release|x64.ActiveCfg = Release|Any CPU
		{59419C2B-57D9-407D-905B-D0C2641807E9}.Release|x64.Build.0 = Release|Any CPU
		{59419C2B-57D9-407D-905B-D0C2641807E9}.Release|x86.ActiveCfg = Release|Any CPU
		{59419C2B-57D9-407D-905B-D0C2641807E9}.Release|x86.Build.0 = Release|Any CPU
	EndGlobalSection
	GlobalSection(SolutionProperties) = preSolution
		HideSolutionNode = FALSE
	EndGlobalSection
	GlobalSection(NestedProjects) = preSolution
		{585DCEDE-D566-48D0-89E5-2C8B8AE5C800} = {827E0CD3-B72D-47B6-A68D-7590B98EB39B}
		{F5E13C3E-8DA2-4181-8313-1733BC10471F} = {827E0CD3-B72D-47B6-A68D-7590B98EB39B}
		{A80213EB-478B-4810-97DD-9FC0FF383549} = {827E0CD3-B72D-47B6-A68D-7590B98EB39B}
		{59419C2B-57D9-407D-905B-D0C2641807E9} = {827E0CD3-B72D-47B6-A68D-7590B98EB39B}
	EndGlobalSection
EndGlobal
